<?xml version="1.0" encoding="utf-8"?>
<Project ToolsVersion="4.0" xmlns="http://schemas.microsoft.com/developer/msbuild/2003">
  <ItemGroup>
    <Filter Include="Head">
      <UniqueIdentifier>{93995380-89BD-4b04-88EB-625FBE52EBFB}</UniqueIdentifier>
      <Extensions>h;hh;hpp;hxx;h++;hm;inl;inc;ipp;xsd</Extensions>
    </Filter>
    <Filter Include="shader">
      <UniqueIdentifier>{67DA6AB6-F800-4c08-8B7A-83BB121AAD01}</UniqueIdentifier>
      <Extensions>rc;ico;cur;bmp;dlg;rc2;rct;bin;rgs;gif;jpg;jpeg;jpe;resx;tiff;tif;png;wav;mfcribbon-ms</Extensions>
    </Filter>
    <Filter Include="Source">
      <UniqueIdentifier>{4FC737F1-C7A5-4376-A066-2A32D752A2FF}</UniqueIdentifier>
      <Extensions>cpp;c;cc;cxx;c++;cppm;ixx;def;odl;idl;hpj;bat;asm;asmx</Extensions>
    </Filter>
    <Filter Include="Components">
      <UniqueIdentifier>{7c755a62-0d77-458f-a7d7-326497e7c47f}</UniqueIdentifier>
    </Filter>
    <Filter Include="Scene">
      <UniqueIdentifier>{e47502f9-093b-41b1-ba1e-4b0491525dc3}</UniqueIdentifier>
    </Filter>
    <Filter Include="Scene\header">
      <UniqueIdentifier>{4514a5c5-8d76-4391-bfc0-ff59538782d5}</UniqueIdentifier>
    </Filter>
    <Filter Include="Scene\source">
      <UniqueIdentifier>{6b1c64a3-723a-43a4-b568-3b164c2575cd}</UniqueIdentifier>
    </Filter>
    <Filter Include="Components\ColocEngine">
      <UniqueIdentifier>{de8f056e-8ae3-49b0-9ec4-61fafab4d69f}</UniqueIdentifier>
    </Filter>
    <Filter Include="Components\ColocEngine\header">
      <UniqueIdentifier>{1ec0d221-6f6f-4ca2-8453-8d5d94fb684f}</UniqueIdentifier>
    </Filter>
    <Filter Include="Components\ColocEngine\source">
      <UniqueIdentifier>{8c61b587-e414-462f-bc3c-8cef5c32d68b}</UniqueIdentifier>
    </Filter>
    <Filter Include="Components\YourComponents">
      <UniqueIdentifier>{a3818176-f5e4-4baf-b768-f9ebcd51b278}</UniqueIdentifier>
    </Filter>
    <Filter Include="Components\YourComponents\source">
      <UniqueIdentifier>{e5bfff2b-639b-43d2-bddb-8f20ff149f02}</UniqueIdentifier>
    </Filter>
    <Filter Include="Components\YourComponents\header">
      <UniqueIdentifier>{69e4ac50-7ced-4f32-a1ed-972a513117b4}</UniqueIdentifier>
    </Filter>
    <Filter Include="System">
      <UniqueIdentifier>{58767ba6-d6cf-45f3-b585-c210d6c52642}</UniqueIdentifier>
    </Filter>
    <Filter Include="System\header">
      <UniqueIdentifier>{b91cf43f-bd7d-4175-933b-961e9f6b95bc}</UniqueIdentifier>
    </Filter>
    <Filter Include="System\source">
      <UniqueIdentifier>{b707f7bd-cd7e-4805-bca9-6a3da65dc28e}</UniqueIdentifier>
    </Filter>
    <Filter Include="shader\PostEffect">
      <UniqueIdentifier>{ed4a306b-7be5-4460-8f0a-73ce185cf590}</UniqueIdentifier>
    </Filter>
    <Filter Include="shader\ModelRendaring">
      <UniqueIdentifier>{0bbd68d0-a726-4ba7-8aed-e41d3b92f9e5}</UniqueIdentifier>
    </Filter>
    <Filter Include="shader\UI">
      <UniqueIdentifier>{b6882901-b5e9-4d3e-8b1d-bc2b0e8fbd98}</UniqueIdentifier>
    </Filter>
  </ItemGroup>
  <ItemGroup>
    <ClCompile Include="MAIN.cpp">
      <Filter>Source</Filter>
    </ClCompile>
    <ClCompile Include="WinView.cpp">
      <Filter>Source</Filter>
    </ClCompile>
    <ClCompile Include="D3D.cpp">
      <Filter>Source</Filter>
    </ClCompile>
    <ClCompile Include="MACRO.cpp">
      <Filter>Source</Filter>
    </ClCompile>
    <ClCompile Include="BUFFER.cpp">
      <Filter>Source</Filter>
    </ClCompile>
    <ClCompile Include="MeshLoader.cpp">
      <Filter>Source</Filter>
    </ClCompile>
    <ClCompile Include="CAM.cpp">
      <Filter>Source</Filter>
    </ClCompile>
    <ClCompile Include="WW_BlackScreen.cpp">
      <Filter>Scene\source</Filter>
    </ClCompile>
    <ClCompile Include="C_Trans.cpp">
      <Filter>Components\ColocEngine\source</Filter>
    </ClCompile>
    <ClCompile Include="IComp.cpp">
      <Filter>Components\ColocEngine\source</Filter>
    </ClCompile>
    <ClCompile Include="FileLoader.cpp">
      <Filter>System\source</Filter>
    </ClCompile>
    <ClCompile Include="Input.cpp">
      <Filter>System\source</Filter>
    </ClCompile>
    <ClCompile Include="GameMain.cpp">
      <Filter>System\source</Filter>
    </ClCompile>
    <ClCompile Include="ResourceManager.cpp">
      <Filter>System\source</Filter>
    </ClCompile>
    <ClCompile Include="S_Draw.cpp">
      <Filter>System\source</Filter>
    </ClCompile>
    <ClCompile Include="WorldManager.cpp">
      <Filter>System\source</Filter>
    </ClCompile>
    <ClCompile Include="S_Sound.cpp">
      <Filter>System\source</Filter>
    </ClCompile>
    <ClCompile Include="WW_Play.cpp">
      <Filter>Scene\source</Filter>
    </ClCompile>
    <ClCompile Include="WorldWork.cpp">
      <Filter>System\source</Filter>
    </ClCompile>
    <ClCompile Include="Light.cpp">
      <Filter>Source</Filter>
    </ClCompile>
    <ClCompile Include="LightManager.cpp">
      <Filter>System\source</Filter>
    </ClCompile>
    <ClCompile Include="PSO.cpp">
      <Filter>Source</Filter>
    </ClCompile>
    <ClCompile Include="PSOManager.cpp">
      <Filter>System\source</Filter>
    </ClCompile>
    <ClCompile Include="Resource.cpp">
      <Filter>Source</Filter>
    </ClCompile>
    <ClCompile Include="C_Quad.cpp">
      <Filter>Components\ColocEngine\source</Filter>
    </ClCompile>
    <ClCompile Include="C_UI.cpp">
      <Filter>Components\ColocEngine\source</Filter>
    </ClCompile>
  </ItemGroup>
  <ItemGroup>
    <ClInclude Include="WinView.h">
      <Filter>Head</Filter>
    </ClInclude>
    <ClInclude Include="MACRO.h">
      <Filter>Head</Filter>
    </ClInclude>
    <ClInclude Include="D3D.h">
      <Filter>Head</Filter>
    </ClInclude>
    <ClInclude Include="BUFFER.h">
      <Filter>Head</Filter>
    </ClInclude>
    <ClInclude Include="MeshLoader.h">
      <Filter>Head</Filter>
    </ClInclude>
    <ClInclude Include="Resource.h">
      <Filter>Head</Filter>
    </ClInclude>
    <ClInclude Include="CAM.h">
      <Filter>Head</Filter>
    </ClInclude>
    <ClInclude Include="WW_BlackScreen.h">
      <Filter>Scene\header</Filter>
    </ClInclude>
    <ClInclude Include="C_Trans.h">
      <Filter>Components\ColocEngine\header</Filter>
    </ClInclude>
    <ClInclude Include="Input.h">
      <Filter>System\header</Filter>
    </ClInclude>
    <ClInclude Include="FileLoader.h">
      <Filter>System\header</Filter>
    </ClInclude>
    <ClInclude Include="GameMain.h">
      <Filter>System\header</Filter>
    </ClInclude>
    <ClInclude Include="ResourceManager.h">
      <Filter>System\header</Filter>
    </ClInclude>
    <ClInclude Include="S_Draw.h">
      <Filter>System\header</Filter>
    </ClInclude>
    <ClInclude Include="WorldManager.h">
      <Filter>System\header</Filter>
    </ClInclude>
    <ClInclude Include="S_Sound.h">
      <Filter>System\header</Filter>
    </ClInclude>
    <ClInclude Include="WW_Play.h">
      <Filter>Scene\header</Filter>
    </ClInclude>
    <ClInclude Include="IComp.h">
      <Filter>Components\ColocEngine\header</Filter>
    </ClInclude>
    <ClInclude Include="Light.h">
      <Filter>Head</Filter>
    </ClInclude>
    <ClInclude Include="LightManager.h">
      <Filter>System\header</Filter>
    </ClInclude>
    <ClInclude Include="PSO.h">
      <Filter>Head</Filter>
    </ClInclude>
    <ClInclude Include="PSOManager.h">
      <Filter>System\header</Filter>
    </ClInclude>
    <ClInclude Include="PSOs.h">
      <Filter>Head</Filter>
    </ClInclude>
    <ClInclude Include="C_Quad.h">
      <Filter>Components\ColocEngine\header</Filter>
    </ClInclude>
    <ClInclude Include="C_UI.h">
      <Filter>Components\ColocEngine\header</Filter>
    </ClInclude>
  </ItemGroup>
  <ItemGroup>
    <FxCompile Include="Toon.hlsl">
      <Filter>shader\ModelRendaring</Filter>
    </FxCompile>
    <FxCompile Include="DefPS.hlsl">
      <Filter>shader\ModelRendaring</Filter>
    </FxCompile>
    <FxCompile Include="DefVS.hlsl">
      <Filter>shader\ModelRendaring</Filter>
    </FxCompile>
    <FxCompile Include="PostEffect_Default_VS.hlsl">
      <Filter>shader\PostEffect</Filter>
    </FxCompile>
    <FxCompile Include="PostEffect_Default_PS.hlsl">
      <Filter>shader\PostEffect</Filter>
    </FxCompile>
    <FxCompile Include="UI_PS.hlsl">
      <Filter>shader\UI</Filter>
    </FxCompile>
    <FxCompile Include="UI_VS.hlsl">
      <Filter>shader\UI</Filter>
    </FxCompile>
  </ItemGroup>
  <ItemGroup>
    <None Include="packages.config" />
    <None Include="Functions.hlsli">
      <Filter>shader</Filter>
    </None>
    <None Include="Keyword.hlsli">
      <Filter>shader</Filter>
    </None>
    <None Include="BasePost.hlsli">
      <Filter>shader\PostEffect</Filter>
    </None>
    <None Include="Base3D.hlsli">
      <Filter>shader\ModelRendaring</Filter>
    </None>
    <None Include="BaseUI.hlsli">
      <Filter>shader\UI</Filter>
    </None>
  </ItemGroup>
</Project>